
Microsoft Visual Studio Solution File, Format Version 12.00
# Visual Studio Version 16
VisualStudioVersion = 16.0.29519.181
MinimumVisualStudioVersion = 10.0.40219.1
Project("{FAE04EC0-301F-11D3-BF4B-00C04F79EFBC}") = "MooresLaw", "Homework\MooresLaw.csproj", "{1E16E85D-A28C-4FAD-BF2C-9BC7A1A02DE6}"
EndProject
Project("{FAE04EC0-301F-11D3-BF4B-00C04F79EFBC}") = "Conversii", "Conversii\Conversii.csproj", "{F6976209-112D-4A8D-BED6-D6474AE16968}"
EndProject
Project("{FAE04EC0-301F-11D3-BF4B-00C04F79EFBC}") = "Automat de vanzari", "Automat de vanzari\Automat de vanzari.csproj", "{A99AA0AD-300F-47BD-8A84-86157B054672}"
EndProject
Project("{FAE04EC0-301F-11D3-BF4B-00C04F79EFBC}") = "Linker", "Linker\Linker.csproj", "{88B6AD81-963C-4478-8F9B-746CB28DCD51}"
EndProject
Global
	GlobalSection(SolutionConfigurationPlatforms) = preSolution
		Debug|Any CPU = Debug|Any CPU
		Release|Any CPU = Release|Any CPU
	EndGlobalSection
	GlobalSection(ProjectConfigurationPlatforms) = postSolution
		{1E16E85D-A28C-4FAD-BF2C-9BC7A1A02DE6}.Debug|Any CPU.ActiveCfg = Debug|Any CPU
		{1E16E85D-A28C-4FAD-BF2C-9BC7A1A02DE6}.Debug|Any CPU.Build.0 = Debug|Any CPU
		{1E16E85D-A28C-4FAD-BF2C-9BC7A1A02DE6}.Release|Any CPU.ActiveCfg = Release|Any CPU
		{1E16E85D-A28C-4FAD-BF2C-9BC7A1A02DE6}.Release|Any CPU.Build.0 = Release|Any CPU
		{F6976209-112D-4A8D-BED6-D6474AE16968}.Debug|Any CPU.ActiveCfg = Debug|Any CPU
		{F6976209-112D-4A8D-BED6-D6474AE16968}.Debug|Any CPU.Build.0 = Debug|Any CPU
		{F6976209-112D-4A8D-BED6-D6474AE16968}.Release|Any CPU.ActiveCfg = Release|Any CPU
		{F6976209-112D-4A8D-BED6-D6474AE16968}.Release|Any CPU.Build.0 = Release|Any CPU
		{A99AA0AD-300F-47BD-8A84-86157B054672}.Debug|Any CPU.ActiveCfg = Debug|Any CPU
		{A99AA0AD-300F-47BD-8A84-86157B054672}.Debug|Any CPU.Build.0 = Debug|Any CPU
		{A99AA0AD-300F-47BD-8A84-86157B054672}.Release|Any CPU.ActiveCfg = Release|Any CPU
		{A99AA0AD-300F-47BD-8A84-86157B054672}.Release|Any CPU.Build.0 = Release|Any CPU
		{88B6AD81-963C-4478-8F9B-746CB28DCD51}.Debug|Any CPU.ActiveCfg = Debug|Any CPU
		{88B6AD81-963C-4478-8F9B-746CB28DCD51}.Debug|Any CPU.Build.0 = Debug|Any CPU
		{88B6AD81-963C-4478-8F9B-746CB28DCD51}.Release|Any CPU.ActiveCfg = Release|Any CPU
		{88B6AD81-963C-4478-8F9B-746CB28DCD51}.Release|Any CPU.Build.0 = Release|Any CPU
	EndGlobalSection
	GlobalSection(SolutionProperties) = preSolution
		HideSolutionNode = FALSE
	EndGlobalSection
	GlobalSection(ExtensibilityGlobals) = postSolution
		SolutionGuid = {A7437987-D13F-4504-98D5-43D901AF0AA7}
	EndGlobalSection
EndGlobal
